
Microsoft Visual Studio Solution File, Format Version 12.00
# Visual Studio Version 16
VisualStudioVersion = 16.0.30413.136
MinimumVisualStudioVersion = 10.0.40219.1
Project("{FAE04EC0-301F-11D3-BF4B-00C04F79EFBC}") = "Kubernetes.ConfigMaps.Demo", "Kubernetes.ConfigMaps.Demo\Kubernetes.ConfigMaps.Demo.csproj", "{2937E355-0301-4E7E-B41B-769B8FD79E69}"
EndProject
Global
	GlobalSection(SolutionConfigurationPlatforms) = preSolution
		Debug|Any CPU = Debug|Any CPU
		Release|Any CPU = Release|Any CPU
	EndGlobalSection
	GlobalSection(ProjectConfigurationPlatforms) = postSolution
		{2937E355-0301-4E7E-B41B-769B8FD79E69}.Debug|Any CPU.ActiveCfg = Debug|Any CPU
		{2937E355-0301-4E7E-B41B-769B8FD79E69}.Debug|Any CPU.Build.0 = Debug|Any CPU
		{2937E355-0301-4E7E-B41B-769B8FD79E69}.Release|Any CPU.ActiveCfg = Release|Any CPU
		{2937E355-0301-4E7E-B41B-769B8FD79E69}.Release|Any CPU.Build.0 = Release|Any CPU
	EndGlobalSection
	GlobalSection(SolutionProperties) = preSolution
		HideSolutionNode = FALSE
	EndGlobalSection
	GlobalSection(ExtensibilityGlobals) = postSolution
		SolutionGuid = {516AA507-BC7E-4C10-8081-13647C7D2966}
	EndGlobalSection
EndGlobal
